{
  "name": "frontend-deploy",
  "version": "1.0.0",
  "lockfileVersion": 2,
  "requires": true,
  "packages": {
    "": {
      "name": "frontend-deploy",
      "version": "1.0.0",
      "license": "ISC",
      "dependencies": {
        "length-stream": "^0.1.1"
      }
    },
    "node_modules/length-stream": {
      "version": "0.1.1",
      "resolved": "https://registry.npmjs.org/length-stream/-/length-stream-0.1.1.tgz",
      "integrity": "sha1-5ySxvi46lh1MQxNDfkllaRD65tY=",
      "dependencies": {
        "pass-stream": "~0.1.0"
      },
      "engines": {
        "node": ">=0.8"
      }
    },
    "node_modules/pass-stream": {
      "version": "0.1.5",
      "resolved": "https://registry.npmjs.org/pass-stream/-/pass-stream-0.1.5.tgz",
      "integrity": "sha1-njr6TVglzdE3YHW9tW3jbfszZJ8=",
      "dependencies": {
        "readable-stream": "https://github.com/jeffbski/readable-stream/archive/v1.0.2-object-transform2-ret-self.tar.gz"
      },
      "engines": {
        "node": ">=0.8"
      }
    },
    "node_modules/readable-stream": {
      "version": "1.0.2",
      "resolved": "https://github.com/jeffbski/readable-stream/archive/v1.0.2-object-transform2-ret-self.tar.gz",
      "integrity": "sha512-4DfqsAX+1OToUZ/uHLsC3NUHN7wCn2BNfkG/Eyr2ii4c4suSipjLFbVymS7pj49+aRcSutnK9dIuHS3X7fwApQ==",
      "license": "BSD"
    }
  },
  "dependencies": {
    "length-stream": {
      "version": "0.1.1",
      "resolved": "https://registry.npmjs.org/length-stream/-/length-stream-0.1.1.tgz",
      "integrity": "sha1-5ySxvi46lh1MQxNDfkllaRD65tY=",
      "requires": {
        "pass-stream": "~0.1.0"
      }
    },
    "pass-stream": {
      "version": "0.1.5",
      "resolved": "https://registry.npmjs.org/pass-stream/-/pass-stream-0.1.5.tgz",
      "integrity": "sha1-njr6TVglzdE3YHW9tW3jbfszZJ8=",
      "requires": {
        "readable-stream": "https://github.com/jeffbski/readable-stream/archive/v1.0.2-object-transform2-ret-self.tar.gz"
      }
    },
    "readable-stream": {
      "version": "https://github.com/jeffbski/readable-stream/archive/v1.0.2-object-transform2-ret-self.tar.gz",
      "integrity": "sha512-4DfqsAX+1OToUZ/uHLsC3NUHN7wCn2BNfkG/Eyr2ii4c4suSipjLFbVymS7pj49+aRcSutnK9dIuHS3X7fwApQ=="
    }
  }
}
